// !$*UTF8*$!
{
	archiveVersion = 1;
	classes = {
	};
	objectVersion = 51;
	objects = {

/* Begin PBXBuildFile section */
		34235044239EA0BD00C1DBFA /* AppDelegate.swift in Sources */ = {isa = PBXBuildFile; fileRef = 34235043239EA0BD00C1DBFA /* AppDelegate.swift */; };
		34235046239EA0BD00C1DBFA /* SceneDelegate.swift in Sources */ = {isa = PBXBuildFile; fileRef = 34235045239EA0BD00C1DBFA /* SceneDelegate.swift */; };
		34235048239EA0BD00C1DBFA /* ViewController.swift in Sources */ = {isa = PBXBuildFile; fileRef = 34235047239EA0BD00C1DBFA /* ViewController.swift */; };
		3423504B239EA0BD00C1DBFA /* Main.storyboard in Resources */ = {isa = PBXBuildFile; fileRef = 34235049239EA0BD00C1DBFA /* Main.storyboard */; };
		3423504D239EA0C300C1DBFA /* Assets.xcassets in Resources */ = {isa = PBXBuildFile; fileRef = 3423504C239EA0C300C1DBFA /* Assets.xcassets */; };
		34235050239EA0C300C1DBFA /* LaunchScreen.storyboard in Resources */ = {isa = PBXBuildFile; fileRef = 3423504E239EA0C300C1DBFA /* LaunchScreen.storyboard */; };
		3423505B239EA36700C1DBFA /* Model.swift in Sources */ = {isa = PBXBuildFile; fileRef = 3423505A239EA36700C1DBFA /* Model.swift */; };
		344E7D03239F3DFE00617273 /* testeFotoViewController.swift in Sources */ = {isa = PBXBuildFile; fileRef = 344E7D02239F3DFE00617273 /* testeFotoViewController.swift */; };
		344E7D05239F3F1800617273 /* Perfil.swift in Sources */ = {isa = PBXBuildFile; fileRef = 344E7D04239F3F1800617273 /* Perfil.swift */; };
		3456BAB9239EFEA50050F3D1 /* credentials.plist in Resources */ = {isa = PBXBuildFile; fileRef = 3456BAB8239EFEA50050F3D1 /* credentials.plist */; };
		34D4A48A239EA994007B739B /* loginViewController.swift in Sources */ = {isa = PBXBuildFile; fileRef = 34D4A489239EA994007B739B /* loginViewController.swift */; };
		34D4A48C239EAAB5007B739B /* Login.storyboard in Resources */ = {isa = PBXBuildFile; fileRef = 34D4A48B239EAAB5007B739B /* Login.storyboard */; };
		34F100D123A0474000A0EA56 /* Carros.swift in Sources */ = {isa = PBXBuildFile; fileRef = 34F100D023A0474000A0EA56 /* Carros.swift */; };
		34F100D323A049BC00A0EA56 /* carrosTableViewController.swift in Sources */ = {isa = PBXBuildFile; fileRef = 34F100D223A049BC00A0EA56 /* carrosTableViewController.swift */; };
		34F100D523A07E3000A0EA56 /* carrosCell.swift in Sources */ = {isa = PBXBuildFile; fileRef = 34F100D423A07E3000A0EA56 /* carrosCell.swift */; };
		34F100D723A10EA500A0EA56 /* detalhesCarroViewController.swift in Sources */ = {isa = PBXBuildFile; fileRef = 34F100D623A10EA500A0EA56 /* detalhesCarroViewController.swift */; };
		34F100D923A1D2E000A0EA56 /* fotoCarros.swift in Sources */ = {isa = PBXBuildFile; fileRef = 34F100D823A1D2E000A0EA56 /* fotoCarros.swift */; };
		D47C3D002066974C1D291AE9 /* Pods_testeLiveTouch.framework in Frameworks */ = {isa = PBXBuildFile; fileRef = D04492C262CAF5A128D6AC52 /* Pods_testeLiveTouch.framework */; };
/* End PBXBuildFile section */

/* Begin PBXFileReference section */
		34235040239EA0BD00C1DBFA /* testeLiveTouch.app */ = {isa = PBXFileReference; explicitFileType = wrapper.application; includeInIndex = 0; path = testeLiveTouch.app; sourceTree = BUILT_PRODUCTS_DIR; };
		34235043239EA0BD00C1DBFA /* AppDelegate.swift */ = {isa = PBXFileReference; lastKnownFileType = sourcecode.swift; path = AppDelegate.swift; sourceTree = "<group>"; };
		34235045239EA0BD00C1DBFA /* SceneDelegate.swift */ = {isa = PBXFileReference; lastKnownFileType = sourcecode.swift; path = SceneDelegate.swift; sourceTree = "<group>"; };
		34235047239EA0BD00C1DBFA /* ViewController.swift */ = {isa = PBXFileReference; lastKnownFileType = sourcecode.swift; path = ViewController.swift; sourceTree = "<group>"; };
		3423504A239EA0BD00C1DBFA /* Base */ = {isa = PBXFileReference; lastKnownFileType = file.storyboard; name = Base; path = Base.lproj/Main.storyboard; sourceTree = "<group>"; };
		3423504C239EA0C300C1DBFA /* Assets.xcassets */ = {isa = PBXFileReference; lastKnownFileType = folder.assetcatalog; path = Assets.xcassets; sourceTree = "<group>"; };
		3423504F239EA0C300C1DBFA /* Base */ = {isa = PBXFileReference; lastKnownFileType = file.storyboard; name = Base; path = Base.lproj/LaunchScreen.storyboard; sourceTree = "<group>"; };
		34235051239EA0C300C1DBFA /* Info.plist */ = {isa = PBXFileReference; lastKnownFileType = text.plist.xml; path = Info.plist; sourceTree = "<group>"; };
		3423505A239EA36700C1DBFA /* Model.swift */ = {isa = PBXFileReference; lastKnownFileType = sourcecode.swift; path = Model.swift; sourceTree = "<group>"; };
		344E7D02239F3DFE00617273 /* testeFotoViewController.swift */ = {isa = PBXFileReference; lastKnownFileType = sourcecode.swift; path = testeFotoViewController.swift; sourceTree = "<group>"; };
		344E7D04239F3F1800617273 /* Perfil.swift */ = {isa = PBXFileReference; lastKnownFileType = sourcecode.swift; path = Perfil.swift; sourceTree = "<group>"; };
		3456BAB8239EFEA50050F3D1 /* credentials.plist */ = {isa = PBXFileReference; fileEncoding = 4; lastKnownFileType = text.plist.xml; name = credentials.plist; path = ../../../../Downloads/credentials.plist; sourceTree = "<group>"; };
		34D4A489239EA994007B739B /* loginViewController.swift */ = {isa = PBXFileReference; lastKnownFileType = sourcecode.swift; path = loginViewController.swift; sourceTree = "<group>"; };
		34D4A48B239EAAB5007B739B /* Login.storyboard */ = {isa = PBXFileReference; lastKnownFileType = file.storyboard; path = Login.storyboard; sourceTree = "<group>"; };
		34F100D023A0474000A0EA56 /* Carros.swift */ = {isa = PBXFileReference; lastKnownFileType = sourcecode.swift; path = Carros.swift; sourceTree = "<group>"; };
		34F100D223A049BC00A0EA56 /* carrosTableViewController.swift */ = {isa = PBXFileReference; lastKnownFileType = sourcecode.swift; path = carrosTableViewController.swift; sourceTree = "<group>"; };
		34F100D423A07E3000A0EA56 /* carrosCell.swift */ = {isa = PBXFileReference; lastKnownFileType = sourcecode.swift; path = carrosCell.swift; sourceTree = "<group>"; };
		34F100D623A10EA500A0EA56 /* detalhesCarroViewController.swift */ = {isa = PBXFileReference; lastKnownFileType = sourcecode.swift; path = detalhesCarroViewController.swift; sourceTree = "<group>"; };
		34F100D823A1D2E000A0EA56 /* fotoCarros.swift */ = {isa = PBXFileReference; lastKnownFileType = sourcecode.swift; path = fotoCarros.swift; sourceTree = "<group>"; };
		76F2EBF76BD7289560D57EA4 /* Pods-testeLiveTouch.release.xcconfig */ = {isa = PBXFileReference; includeInIndex = 1; lastKnownFileType = text.xcconfig; name = "Pods-testeLiveTouch.release.xcconfig"; path = "Target Support Files/Pods-testeLiveTouch/Pods-testeLiveTouch.release.xcconfig"; sourceTree = "<group>"; };
		D04492C262CAF5A128D6AC52 /* Pods_testeLiveTouch.framework */ = {isa = PBXFileReference; explicitFileType = wrapper.framework; includeInIndex = 0; path = Pods_testeLiveTouch.framework; sourceTree = BUILT_PRODUCTS_DIR; };
		EAF603A21505324AAC535B89 /* Pods-testeLiveTouch.debug.xcconfig */ = {isa = PBXFileReference; includeInIndex = 1; lastKnownFileType = text.xcconfig; name = "Pods-testeLiveTouch.debug.xcconfig"; path = "Target Support Files/Pods-testeLiveTouch/Pods-testeLiveTouch.debug.xcconfig"; sourceTree = "<group>"; };
/* End PBXFileReference section */

/* Begin PBXFrameworksBuildPhase section */
		3423503D239EA0BD00C1DBFA /* Frameworks */ = {
			isa = PBXFrameworksBuildPhase;
			buildActionMask = 2147483647;
			files = (
				D47C3D002066974C1D291AE9 /* Pods_testeLiveTouch.framework in Frameworks */,
			);
			runOnlyForDeploymentPostprocessing = 0;
		};
/* End PBXFrameworksBuildPhase section */

/* Begin PBXGroup section */
		34235037239EA0BD00C1DBFA = {
			isa = PBXGroup;
			children = (
				34235042239EA0BD00C1DBFA /* testeLiveTouch */,
				34235041239EA0BD00C1DBFA /* Products */,
				F9EC4A364C8C49B566191F53 /* Pods */,
				C660344CF2569ED3EA31221A /* Frameworks */,
			);
			sourceTree = "<group>";
		};
		34235041239EA0BD00C1DBFA /* Products */ = {
			isa = PBXGroup;
			children = (
				34235040239EA0BD00C1DBFA /* testeLiveTouch.app */,
			);
			name = Products;
			sourceTree = "<group>";
		};
		34235042239EA0BD00C1DBFA /* testeLiveTouch */ = {
			isa = PBXGroup;
			children = (
				3423504C239EA0C300C1DBFA /* Assets.xcassets */,
				34235057239EA30200C1DBFA /* Model */,
				34235058239EA30B00C1DBFA /* View */,
				34235059239EA31400C1DBFA /* Controller */,
				34235051239EA0C300C1DBFA /* Info.plist */,
				3456BAB8239EFEA50050F3D1 /* credentials.plist */,
			);
			path = testeLiveTouch;
			sourceTree = "<group>";
		};
		34235057239EA30200C1DBFA /* Model */ = {
			isa = PBXGroup;
			children = (
				3423505A239EA36700C1DBFA /* Model.swift */,
				344E7D04239F3F1800617273 /* Perfil.swift */,
				34F100D023A0474000A0EA56 /* Carros.swift */,
				34F100D823A1D2E000A0EA56 /* fotoCarros.swift */,
			);
			name = Model;
			sourceTree = "<group>";
		};
		34235058239EA30B00C1DBFA /* View */ = {
			isa = PBXGroup;
			children = (
				34D4A48B239EAAB5007B739B /* Login.storyboard */,
				34235049239EA0BD00C1DBFA /* Main.storyboard */,
				3423504E239EA0C300C1DBFA /* LaunchScreen.storyboard */,
				34F100D423A07E3000A0EA56 /* carrosCell.swift */,
			);
			path = View;
			sourceTree = "<group>";
		};
		34235059239EA31400C1DBFA /* Controller */ = {
			isa = PBXGroup;
			children = (
				34235043239EA0BD00C1DBFA /* AppDelegate.swift */,
				34235045239EA0BD00C1DBFA /* SceneDelegate.swift */,
				34235047239EA0BD00C1DBFA /* ViewController.swift */,
				34D4A489239EA994007B739B /* loginViewController.swift */,
				344E7D02239F3DFE00617273 /* testeFotoViewController.swift */,
				34F100D223A049BC00A0EA56 /* carrosTableViewController.swift */,
				34F100D623A10EA500A0EA56 /* detalhesCarroViewController.swift */,
			);
			name = Controller;
			sourceTree = "<group>";
		};
		C660344CF2569ED3EA31221A /* Frameworks */ = {
			isa = PBXGroup;
			children = (
				D04492C262CAF5A128D6AC52 /* Pods_testeLiveTouch.framework */,
			);
			name = Frameworks;
			sourceTree = "<group>";
		};
		F9EC4A364C8C49B566191F53 /* Pods */ = {
			isa = PBXGroup;
			children = (
				EAF603A21505324AAC535B89 /* Pods-testeLiveTouch.debug.xcconfig */,
				76F2EBF76BD7289560D57EA4 /* Pods-testeLiveTouch.release.xcconfig */,
			);
			path = Pods;
			sourceTree = "<group>";
		};
/* End PBXGroup section */

/* Begin PBXNativeTarget section */
		3423503F239EA0BD00C1DBFA /* testeLiveTouch */ = {
			isa = PBXNativeTarget;
			buildConfigurationList = 34235054239EA0C300C1DBFA /* Build configuration list for PBXNativeTarget "testeLiveTouch" */;
			buildPhases = (
				C88B237F78A6C3DCE800611F /* [CP] Check Pods Manifest.lock */,
				3423503C239EA0BD00C1DBFA /* Sources */,
				3423503D239EA0BD00C1DBFA /* Frameworks */,
				3423503E239EA0BD00C1DBFA /* Resources */,
				731F4E1CCE80B4CF4E6BB4D4 /* [CP] Embed Pods Frameworks */,
				DD9AEF9433A7BB746DE7E5A9 /* [CP] Copy Pods Resources */,
			);
			buildRules = (
			);
			dependencies = (
			);
			name = testeLiveTouch;
			productName = testeLiveTouch;
			productReference = 34235040239EA0BD00C1DBFA /* testeLiveTouch.app */;
			productType = "com.apple.product-type.application";
		};
/* End PBXNativeTarget section */

/* Begin PBXProject section */
		34235038239EA0BD00C1DBFA /* Project object */ = {
			isa = PBXProject;
			attributes = {
				LastSwiftUpdateCheck = 1120;
				LastUpgradeCheck = 1120;
				ORGANIZATIONNAME = "Lucas Ronnau";
				TargetAttributes = {
					3423503F239EA0BD00C1DBFA = {
						CreatedOnToolsVersion = 11.2.1;
					};
				};
			};
			buildConfigurationList = 3423503B239EA0BD00C1DBFA /* Build configuration list for PBXProject "testeLiveTouch" */;
			compatibilityVersion = "Xcode 9.3";
			developmentRegion = en;
			hasScannedForEncodings = 0;
			knownRegions = (
				en,
				Base,
			);
			mainGroup = 34235037239EA0BD00C1DBFA;
			productRefGroup = 34235041239EA0BD00C1DBFA /* Products */;
			projectDirPath = "";
			projectRoot = "";
			targets = (
				3423503F239EA0BD00C1DBFA /* testeLiveTouch */,
			);
		};
/* End PBXProject section */

/* Begin PBXResourcesBuildPhase section */
		3423503E239EA0BD00C1DBFA /* Resources */ = {
			isa = PBXResourcesBuildPhase;
			buildActionMask = 2147483647;
			files = (
				34235050239EA0C300C1DBFA /* LaunchScreen.storyboard in Resources */,
				3423504D239EA0C300C1DBFA /* Assets.xcassets in Resources */,
				3456BAB9239EFEA50050F3D1 /* credentials.plist in Resources */,
				3423504B239EA0BD00C1DBFA /* Main.storyboard in Resources */,
				34D4A48C239EAAB5007B739B /* Login.storyboard in Resources */,
			);
			runOnlyForDeploymentPostprocessing = 0;
		};
/* End PBXResourcesBuildPhase section */

/* Begin PBXShellScriptBuildPhase section */
		731F4E1CCE80B4CF4E6BB4D4 /* [CP] Embed Pods Frameworks */ = {
			isa = PBXShellScriptBuildPhase;
			buildActionMask = 2147483647;
			files = (
			);
			inputFileListPaths = (
				"${PODS_ROOT}/Target Support Files/Pods-testeLiveTouch/Pods-testeLiveTouch-frameworks-${CONFIGURATION}-input-files.xcfilelist",
			);
			name = "[CP] Embed Pods Frameworks";
			outputFileListPaths = (
				"${PODS_ROOT}/Target Support Files/Pods-testeLiveTouch/Pods-testeLiveTouch-frameworks-${CONFIGURATION}-output-files.xcfilelist",
			);
			runOnlyForDeploymentPostprocessing = 0;
			shellPath = /bin/sh;
			shellScript = "\"${PODS_ROOT}/Target Support Files/Pods-testeLiveTouch/Pods-testeLiveTouch-frameworks.sh\"\n";
			showEnvVarsInLog = 0;
		};
		C88B237F78A6C3DCE800611F /* [CP] Check Pods Manifest.lock */ = {
			isa = PBXShellScriptBuildPhase;
			buildActionMask = 2147483647;
			files = (
			);
			inputFileListPaths = (
			);
			inputPaths = (
				"${PODS_PODFILE_DIR_PATH}/Podfile.lock",
				"${PODS_ROOT}/Manifest.lock",
			);
			name = "[CP] Check Pods Manifest.lock";
			outputFileListPaths = (
			);
			outputPaths = (
				"$(DERIVED_FILE_DIR)/Pods-testeLiveTouch-checkManifestLockResult.txt",
			);
			runOnlyForDeploymentPostprocessing = 0;
			shellPath = /bin/sh;
			shellScript = "diff \"${PODS_PODFILE_DIR_PATH}/Podfile.lock\" \"${PODS_ROOT}/Manifest.lock\" > /dev/null\nif [ $? != 0 ] ; then\n    # print error to STDERR\n    echo \"error: The sandbox is not in sync with the Podfile.lock. Run 'pod install' or update your CocoaPods installation.\" >&2\n    exit 1\nfi\n# This output is used by Xcode 'outputs' to avoid re-running this script phase.\necho \"SUCCESS\" > \"${SCRIPT_OUTPUT_FILE_0}\"\n";
			showEnvVarsInLog = 0;
		};
		DD9AEF9433A7BB746DE7E5A9 /* [CP] Copy Pods Resources */ = {
			isa = PBXShellScriptBuildPhase;
			buildActionMask = 2147483647;
			files = (
			);
			inputFileListPaths = (
				"${PODS_ROOT}/Target Support Files/Pods-testeLiveTouch/Pods-testeLiveTouch-resources-${CONFIGURATION}-input-files.xcfilelist",
			);
			name = "[CP] Copy Pods Resources";
			outputFileListPaths = (
				"${PODS_ROOT}/Target Support Files/Pods-testeLiveTouch/Pods-testeLiveTouch-resources-${CONFIGURATION}-output-files.xcfilelist",
			);
			runOnlyForDeploymentPostprocessing = 0;
			shellPath = /bin/sh;
			shellScript = "\"${PODS_ROOT}/Target Support Files/Pods-testeLiveTouch/Pods-testeLiveTouch-resources.sh\"\n";
			showEnvVarsInLog = 0;
		};
/* End PBXShellScriptBuildPhase section */

/* Begin PBXSourcesBuildPhase section */
		3423503C239EA0BD00C1DBFA /* Sources */ = {
			isa = PBXSourcesBuildPhase;
			buildActionMask = 2147483647;
			files = (
				34235048239EA0BD00C1DBFA /* ViewController.swift in Sources */,
				34F100D923A1D2E000A0EA56 /* fotoCarros.swift in Sources */,
				34F100D123A0474000A0EA56 /* Carros.swift in Sources */,
				34235044239EA0BD00C1DBFA /* AppDelegate.swift in Sources */,
				34F100D523A07E3000A0EA56 /* carrosCell.swift in Sources */,
				34F100D323A049BC00A0EA56 /* carrosTableViewController.swift in Sources */,
				344E7D03239F3DFE00617273 /* testeFotoViewController.swift in Sources */,
				344E7D05239F3F1800617273 /* Perfil.swift in Sources */,
				34235046239EA0BD00C1DBFA /* SceneDelegate.swift in Sources */,
				3423505B239EA36700C1DBFA /* Model.swift in Sources */,
				34D4A48A239EA994007B739B /* loginViewController.swift in Sources */,
				34F100D723A10EA500A0EA56 /* detalhesCarroViewController.swift in Sources */,
			);
			runOnlyForDeploymentPostprocessing = 0;
		};
/* End PBXSourcesBuildPhase section */

/* Begin PBXVariantGroup section */
		34235049239EA0BD00C1DBFA /* Main.storyboard */ = {
			isa = PBXVariantGroup;
			children = (
				3423504A239EA0BD00C1DBFA /* Base */,
			);
			name = Main.storyboard;
			sourceTree = "<group>";
		};
		3423504E239EA0C300C1DBFA /* LaunchScreen.storyboard */ = {
			isa = PBXVariantGroup;
			children = (
				3423504F239EA0C300C1DBFA /* Base */,
			);
			name = LaunchScreen.storyboard;
			sourceTree = "<group>";
		};
/* End PBXVariantGroup section */

/* Begin XCBuildConfiguration section */
		34235052239EA0C300C1DBFA /* Debug */ = {
			isa = XCBuildConfiguration;
			buildSettings = {
				ALWAYS_SEARCH_USER_PATHS = NO;
				CLANG_ANALYZER_NONNULL = YES;
				CLANG_ANALYZER_NUMBER_OBJECT_CONVERSION = YES_AGGRESSIVE;
				CLANG_CXX_LANGUAGE_STANDARD = "gnu++14";
				CLANG_CXX_LIBRARY = "libc++";
				CLANG_ENABLE_MODULES = YES;
				CLANG_ENABLE_OBJC_ARC = YES;
				CLANG_ENABLE_OBJC_WEAK = YES;
				CLANG_WARN_BLOCK_CAPTURE_AUTORELEASING = YES;
				CLANG_WARN_BOOL_CONVERSION = YES;
				CLANG_WARN_COMMA = YES;
				CLANG_WARN_CONSTANT_CONVERSION = YES;
				CLANG_WARN_DEPRECATED_OBJC_IMPLEMENTATIONS = YES;
				CLANG_WARN_DIRECT_OBJC_ISA_USAGE = YES_ERROR;
				CLANG_WARN_DOCUMENTATION_COMMENTS = YES;
				CLANG_WARN_EMPTY_BODY = YES;
				CLANG_WARN_ENUM_CONVERSION = YES;
				CLANG_WARN_INFINITE_RECURSION = YES;
				CLANG_WARN_INT_CONVERSION = YES;
				CLANG_WARN_NON_LITERAL_NULL_CONVERSION = YES;
				CLANG_WARN_OBJC_IMPLICIT_RETAIN_SELF = YES;
				CLANG_WARN_OBJC_LITERAL_CONVERSION = YES;
				CLANG_WARN_OBJC_ROOT_CLASS = YES_ERROR;
				CLANG_WARN_RANGE_LOOP_ANALYSIS = YES;
				CLANG_WARN_STRICT_PROTOTYPES = YES;
				CLANG_WARN_SUSPICIOUS_MOVE = YES;
				CLANG_WARN_UNGUARDED_AVAILABILITY = YES_AGGRESSIVE;
				CLANG_WARN_UNREACHABLE_CODE = YES;
				CLANG_WARN__DUPLICATE_METHOD_MATCH = YES;
				COPY_PHASE_STRIP = NO;
				DEBUG_INFORMATION_FORMAT = dwarf;
				ENABLE_STRICT_OBJC_MSGSEND = YES;
				ENABLE_TESTABILITY = YES;
				GCC_C_LANGUAGE_STANDARD = gnu11;
				GCC_DYNAMIC_NO_PIC = NO;
				GCC_NO_COMMON_BLOCKS = YES;
				GCC_OPTIMIZATION_LEVEL = 0;
				GCC_PREPROCESSOR_DEFINITIONS = (
					"DEBUG=1",
					"$(inherited)",
				);
				GCC_WARN_64_TO_32_BIT_CONVERSION = YES;
				GCC_WARN_ABOUT_RETURN_TYPE = YES_ERROR;
				GCC_WARN_UNDECLARED_SELECTOR = YES;
				GCC_WARN_UNINITIALIZED_AUTOS = YES_AGGRESSIVE;
				GCC_WARN_UNUSED_FUNCTION = YES;
				GCC_WARN_UNUSED_VARIABLE = YES;
				IPHONEOS_DEPLOYMENT_TARGET = 13.0;
				MTL_ENABLE_DEBUG_INFO = INCLUDE_SOURCE;
				MTL_FAST_MATH = YES;
				ONLY_ACTIVE_ARCH = YES;
				SDKROOT = iphoneos;
				SWIFT_ACTIVE_COMPILATION_CONDITIONS = DEBUG;
				SWIFT_OPTIMIZATION_LEVEL = "-Onone";
			};
			name = Debug;
		};
		34235053239EA0C300C1DBFA /* Release */ = {
			isa = XCBuildConfiguration;
			buildSettings = {
				ALWAYS_SEARCH_USER_PATHS = NO;
				CLANG_ANALYZER_NONNULL = YES;
				CLANG_ANALYZER_NUMBER_OBJECT_CONVERSION = YES_AGGRESSIVE;
				CLANG_CXX_LANGUAGE_STANDARD = "gnu++14";
				CLANG_CXX_LIBRARY = "libc++";
				CLANG_ENABLE_MODULES = YES;
				CLANG_ENABLE_OBJC_ARC = YES;
				CLANG_ENABLE_OBJC_WEAK = YES;
				CLANG_WARN_BLOCK_CAPTURE_AUTORELEASING = YES;
				CLANG_WARN_BOOL_CONVERSION = YES;
				CLANG_WARN_COMMA = YES;
				CLANG_WARN_CONSTANT_CONVERSION = YES;
				CLANG_WARN_DEPRECATED_OBJC_IMPLEMENTATIONS = YES;
				CLANG_WARN_DIRECT_OBJC_ISA_USAGE = YES_ERROR;
				CLANG_WARN_DOCUMENTATION_COMMENTS = YES;
				CLANG_WARN_EMPTY_BODY = YES;
				CLANG_WARN_ENUM_CONVERSION = YES;
				CLANG_WARN_INFINITE_RECURSION = YES;
				CLANG_WARN_INT_CONVERSION = YES;
				CLANG_WARN_NON_LITERAL_NULL_CONVERSION = YES;
				CLANG_WARN_OBJC_IMPLICIT_RETAIN_SELF = YES;
				CLANG_WARN_OBJC_LITERAL_CONVERSION = YES;
				CLANG_WARN_OBJC_ROOT_CLASS = YES_ERROR;
				CLANG_WARN_RANGE_LOOP_ANALYSIS = YES;
				CLANG_WARN_STRICT_PROTOTYPES = YES;
				CLANG_WARN_SUSPICIOUS_MOVE = YES;
				CLANG_WARN_UNGUARDED_AVAILABILITY = YES_AGGRESSIVE;
				CLANG_WARN_UNREACHABLE_CODE = YES;
				CLANG_WARN__DUPLICATE_METHOD_MATCH = YES;
				COPY_PHASE_STRIP = NO;
				DEBUG_INFORMATION_FORMAT = "dwarf-with-dsym";
				ENABLE_NS_ASSERTIONS = NO;
				ENABLE_STRICT_OBJC_MSGSEND = YES;
				GCC_C_LANGUAGE_STANDARD = gnu11;
				GCC_NO_COMMON_BLOCKS = YES;
				GCC_WARN_64_TO_32_BIT_CONVERSION = YES;
				GCC_WARN_ABOUT_RETURN_TYPE = YES_ERROR;
				GCC_WARN_UNDECLARED_SELECTOR = YES;
				GCC_WARN_UNINITIALIZED_AUTOS = YES_AGGRESSIVE;
				GCC_WARN_UNUSED_FUNCTION = YES;
				GCC_WARN_UNUSED_VARIABLE = YES;
				IPHONEOS_DEPLOYMENT_TARGET = 13.0;
				MTL_ENABLE_DEBUG_INFO = NO;
				MTL_FAST_MATH = YES;
				SDKROOT = iphoneos;
				SWIFT_COMPILATION_MODE = wholemodule;
				SWIFT_OPTIMIZATION_LEVEL = "-O";
				VALIDATE_PRODUCT = YES;
			};
			name = Release;
		};
		34235055239EA0C300C1DBFA /* Debug */ = {
			isa = XCBuildConfiguration;
			baseConfigurationReference = EAF603A21505324AAC535B89 /* Pods-testeLiveTouch.debug.xcconfig */;
			buildSettings = {
				ASSETCATALOG_COMPILER_APPICON_NAME = AppIcon;
				CODE_SIGN_STYLE = Automatic;
				DEVELOPMENT_TEAM = NX8F6TU7X3;
				INFOPLIST_FILE = testeLiveTouch/Info.plist;
				LD_RUNPATH_SEARCH_PATHS = (
					"$(inherited)",
					"@executable_path/Frameworks",
				);
				PRODUCT_BUNDLE_IDENTIFIER = lucas.pucpr.testeLiveTouch;
				PRODUCT_NAME = "$(TARGET_NAME)";
				SWIFT_VERSION = 5.0;
				TARGETED_DEVICE_FAMILY = "1,2";
			};
			name = Debug;
		};
		34235056239EA0C300C1DBFA /* Release */ = {
			isa = XCBuildConfiguration;
			baseConfigurationReference = 76F2EBF76BD7289560D57EA4 /* Pods-testeLiveTouch.release.xcconfig */;
			buildSettings = {
				ASSETCATALOG_COMPILER_APPICON_NAME = AppIcon;
				CODE_SIGN_STYLE = Automatic;
				DEVELOPMENT_TEAM = NX8F6TU7X3;
				INFOPLIST_FILE = testeLiveTouch/Info.plist;
				LD_RUNPATH_SEARCH_PATHS = (
					"$(inherited)",
					"@executable_path/Frameworks",
				);
				PRODUCT_BUNDLE_IDENTIFIER = lucas.pucpr.testeLiveTouch;
				PRODUCT_NAME = "$(TARGET_NAME)";
				SWIFT_VERSION = 5.0;
				TARGETED_DEVICE_FAMILY = "1,2";
			};
			name = Release;
		};
/* End XCBuildConfiguration section */

/* Begin XCConfigurationList section */
		3423503B239EA0BD00C1DBFA /* Build configuration list for PBXProject "testeLiveTouch" */ = {
			isa = XCConfigurationList;
			buildConfigurations = (
				34235052239EA0C300C1DBFA /* Debug */,
				34235053239EA0C300C1DBFA /* Release */,
			);
			defaultConfigurationIsVisible = 0;
			defaultConfigurationName = Release;
		};
		34235054239EA0C300C1DBFA /* Build configuration list for PBXNativeTarget "testeLiveTouch" */ = {
			isa = XCConfigurationList;
			buildConfigurations = (
				34235055239EA0C300C1DBFA /* Debug */,
				34235056239EA0C300C1DBFA /* Release */,
			);
			defaultConfigurationIsVisible = 0;
			defaultConfigurationName = Release;
		};
/* End XCConfigurationList section */
	};
	rootObject = 34235038239EA0BD00C1DBFA /* Project object */;
}
